
Microsoft Visual Studio Solution File, Format Version 12.00
# Visual Studio Version 17
VisualStudioVersion = 17.11.35327.3
MinimumVisualStudioVersion = 10.0.40219.1
Project("{FAE04EC0-301F-11D3-BF4B-00C04F79EFBC}") = "Revisión-Precios-API", "Revisión-Precios-API\Revisión-Precios-API.csproj", "{488E725D-44ED-4696-A9BF-651A34A5A192}"
EndProject
Global
	GlobalSection(SolutionConfigurationPlatforms) = preSolution
		Debug|Any CPU = Debug|Any CPU
		Release|Any CPU = Release|Any CPU
	EndGlobalSection
	GlobalSection(ProjectConfigurationPlatforms) = postSolution
		{488E725D-44ED-4696-A9BF-651A34A5A192}.Debug|Any CPU.ActiveCfg = Debug|Any CPU
		{488E725D-44ED-4696-A9BF-651A34A5A192}.Debug|Any CPU.Build.0 = Debug|Any CPU
		{488E725D-44ED-4696-A9BF-651A34A5A192}.Release|Any CPU.ActiveCfg = Release|Any CPU
		{488E725D-44ED-4696-A9BF-651A34A5A192}.Release|Any CPU.Build.0 = Release|Any CPU
	EndGlobalSection
	GlobalSection(SolutionProperties) = preSolution
		HideSolutionNode = FALSE
	EndGlobalSection
	GlobalSection(ExtensibilityGlobals) = postSolution
		SolutionGuid = {EB23927C-710C-43F7-AC2C-96C57A28CB29}
	EndGlobalSection
EndGlobal
